// !$*UTF8*$!
{
	archiveVersion = 1;
	classes = {
	};
	objectVersion = 50;
	objects = {

/* Begin PBXBuildFile section */
		65B312884213113DC2C559F6 /* Pods_RxSwiftLearnig.framework in Frameworks */ = {isa = PBXBuildFile; fileRef = 4DEC4180A6E0EC86CA5F4C12 /* Pods_RxSwiftLearnig.framework */; };
		BF16333320C6586A00A2870E /* Extension+SHARE.swift in Sources */ = {isa = PBXBuildFile; fileRef = BF16333220C6586A00A2870E /* Extension+SHARE.swift */; };
		BF46AC8F20BF9C5800075640 /* SupportCode.swift in Sources */ = {isa = PBXBuildFile; fileRef = BF46AC8E20BF9C5800075640 /* SupportCode.swift */; };
		BF46AC9120BFB51000075640 /* RELEASE.TXT in Resources */ = {isa = PBXBuildFile; fileRef = BF46AC9020BFB51000075640 /* RELEASE.TXT */; };
		BF46AC9320BFB7E600075640 /* Extension+Observable.swift in Sources */ = {isa = PBXBuildFile; fileRef = BF46AC9220BFB7E600075640 /* Extension+Observable.swift */; };
		BF46AC9520BFB82E00075640 /* Extension+Subject.swift in Sources */ = {isa = PBXBuildFile; fileRef = BF46AC9420BFB82E00075640 /* Extension+Subject.swift */; };
		BF46AC9B20BFE96200075640 /* Extension+Filter.swift in Sources */ = {isa = PBXBuildFile; fileRef = BF46AC9A20BFE96200075640 /* Extension+Filter.swift */; };
		BF46AC9D20BFFE2A00075640 /* Extension+Transform.swift in Sources */ = {isa = PBXBuildFile; fileRef = BF46AC9C20BFFE2A00075640 /* Extension+Transform.swift */; };
		BF5A3B1E20C8D77000C10335 /* retryWhen.swift in Sources */ = {isa = PBXBuildFile; fileRef = BF5A3B1D20C8D77000C10335 /* retryWhen.swift */; };
		BF5A3B2020C8E9A500C10335 /* Error.swift in Sources */ = {isa = PBXBuildFile; fileRef = BF5A3B1F20C8E9A500C10335 /* Error.swift */; };
		BF5A3B2220C8F4C800C10335 /* concat&flatMap.swift in Sources */ = {isa = PBXBuildFile; fileRef = BF5A3B2120C8F4C800C10335 /* concat&flatMap.swift */; };
		BF5A3B2420C8F72200C10335 /* kit.swift in Sources */ = {isa = PBXBuildFile; fileRef = BF5A3B2320C8F72200C10335 /* kit.swift */; };
		BF5A3B2620C906CB00C10335 /* closurehell.swift in Sources */ = {isa = PBXBuildFile; fileRef = BF5A3B2520C906CB00C10335 /* closurehell.swift */; };
		BF5A3B2820C914BE00C10335 /* observable.swift in Sources */ = {isa = PBXBuildFile; fileRef = BF5A3B2720C914BE00C10335 /* observable.swift */; };
		BF5A3B2A20C91D7D00C10335 /* subject.swift in Sources */ = {isa = PBXBuildFile; fileRef = BF5A3B2920C91D7D00C10335 /* subject.swift */; };
		BF5A3B2C20C947EE00C10335 /* filter.swift in Sources */ = {isa = PBXBuildFile; fileRef = BF5A3B2B20C947EE00C10335 /* filter.swift */; };
		BF5A3B2E20C94C6A00C10335 /* throttle.png in Resources */ = {isa = PBXBuildFile; fileRef = BF5A3B2D20C94C6A00C10335 /* throttle.png */; };
		BF5A3B3020C94D0C00C10335 /* tranform.swift in Sources */ = {isa = PBXBuildFile; fileRef = BF5A3B2F20C94D0C00C10335 /* tranform.swift */; };
		BF5A3B3220C954EC00C10335 /* flatMap.png in Resources */ = {isa = PBXBuildFile; fileRef = BF5A3B3120C954EB00C10335 /* flatMap.png */; };
		BF5A3B3620CA0DFC00C10335 /* delegate.swift in Sources */ = {isa = PBXBuildFile; fileRef = BF5A3B3520CA0DFC00C10335 /* delegate.swift */; };
		BF5A3B3920CA17CA00C10335 /* Completable.png in Resources */ = {isa = PBXBuildFile; fileRef = BF5A3B3720CA17CA00C10335 /* Completable.png */; };
		BF5A3B3A20CA17CA00C10335 /* Single.png in Resources */ = {isa = PBXBuildFile; fileRef = BF5A3B3820CA17CA00C10335 /* Single.png */; };
		BFDBC91820C110FD002ED266 /* Extension+Combine.swift in Sources */ = {isa = PBXBuildFile; fileRef = BFDBC91720C110FD002ED266 /* Extension+Combine.swift */; };
		BFEE800820BF9B4000F42C08 /* AppDelegate.swift in Sources */ = {isa = PBXBuildFile; fileRef = BFEE800720BF9B4000F42C08 /* AppDelegate.swift */; };
		BFEE800A20BF9B4000F42C08 /* ViewController.swift in Sources */ = {isa = PBXBuildFile; fileRef = BFEE800920BF9B4000F42C08 /* ViewController.swift */; };
		BFEE800C20BF9B4100F42C08 /* Assets.xcassets in Resources */ = {isa = PBXBuildFile; fileRef = BFEE800B20BF9B4100F42C08 /* Assets.xcassets */; };
		BFEE800F20BF9B4100F42C08 /* Main.storyboard in Resources */ = {isa = PBXBuildFile; fileRef = BFEE800D20BF9B4100F42C08 /* Main.storyboard */; };
/* End PBXBuildFile section */

/* Begin PBXFileReference section */
		4DEC4180A6E0EC86CA5F4C12 /* Pods_RxSwiftLearnig.framework */ = {isa = PBXFileReference; explicitFileType = wrapper.framework; includeInIndex = 0; path = Pods_RxSwiftLearnig.framework; sourceTree = BUILT_PRODUCTS_DIR; };
		59E640A4187BB7CEA2A28CEF /* Pods-RxSwiftLearnig.debug.xcconfig */ = {isa = PBXFileReference; includeInIndex = 1; lastKnownFileType = text.xcconfig; name = "Pods-RxSwiftLearnig.debug.xcconfig"; path = "Pods/Target Support Files/Pods-RxSwiftLearnig/Pods-RxSwiftLearnig.debug.xcconfig"; sourceTree = "<group>"; };
		BF16333220C6586A00A2870E /* Extension+SHARE.swift */ = {isa = PBXFileReference; lastKnownFileType = sourcecode.swift; path = "Extension+SHARE.swift"; sourceTree = "<group>"; };
		BF46AC8E20BF9C5800075640 /* SupportCode.swift */ = {isa = PBXFileReference; fileEncoding = 4; lastKnownFileType = sourcecode.swift; path = SupportCode.swift; sourceTree = "<group>"; };
		BF46AC9020BFB51000075640 /* RELEASE.TXT */ = {isa = PBXFileReference; fileEncoding = 4; lastKnownFileType = text; path = RELEASE.TXT; sourceTree = "<group>"; };
		BF46AC9220BFB7E600075640 /* Extension+Observable.swift */ = {isa = PBXFileReference; lastKnownFileType = sourcecode.swift; path = "Extension+Observable.swift"; sourceTree = "<group>"; };
		BF46AC9420BFB82E00075640 /* Extension+Subject.swift */ = {isa = PBXFileReference; lastKnownFileType = sourcecode.swift; path = "Extension+Subject.swift"; sourceTree = "<group>"; };
		BF46AC9A20BFE96200075640 /* Extension+Filter.swift */ = {isa = PBXFileReference; lastKnownFileType = sourcecode.swift; path = "Extension+Filter.swift"; sourceTree = "<group>"; };
		BF46AC9C20BFFE2A00075640 /* Extension+Transform.swift */ = {isa = PBXFileReference; lastKnownFileType = sourcecode.swift; path = "Extension+Transform.swift"; sourceTree = "<group>"; };
		BF5A3B1D20C8D77000C10335 /* retryWhen.swift */ = {isa = PBXFileReference; lastKnownFileType = sourcecode.swift; path = retryWhen.swift; sourceTree = "<group>"; };
		BF5A3B1F20C8E9A500C10335 /* Error.swift */ = {isa = PBXFileReference; lastKnownFileType = sourcecode.swift; path = Error.swift; sourceTree = "<group>"; };
		BF5A3B2120C8F4C800C10335 /* concat&flatMap.swift */ = {isa = PBXFileReference; lastKnownFileType = sourcecode.swift; path = "concat&flatMap.swift"; sourceTree = "<group>"; };
		BF5A3B2320C8F72200C10335 /* kit.swift */ = {isa = PBXFileReference; lastKnownFileType = sourcecode.swift; path = kit.swift; sourceTree = "<group>"; };
		BF5A3B2520C906CB00C10335 /* closurehell.swift */ = {isa = PBXFileReference; lastKnownFileType = sourcecode.swift; path = closurehell.swift; sourceTree = "<group>"; };
		BF5A3B2720C914BE00C10335 /* observable.swift */ = {isa = PBXFileReference; lastKnownFileType = sourcecode.swift; path = observable.swift; sourceTree = "<group>"; };
		BF5A3B2920C91D7D00C10335 /* subject.swift */ = {isa = PBXFileReference; lastKnownFileType = sourcecode.swift; path = subject.swift; sourceTree = "<group>"; };
		BF5A3B2B20C947EE00C10335 /* filter.swift */ = {isa = PBXFileReference; lastKnownFileType = sourcecode.swift; path = filter.swift; sourceTree = "<group>"; };
		BF5A3B2D20C94C6A00C10335 /* throttle.png */ = {isa = PBXFileReference; lastKnownFileType = image.png; name = throttle.png; path = Docs/throttle.png; sourceTree = SOURCE_ROOT; };
		BF5A3B2F20C94D0C00C10335 /* tranform.swift */ = {isa = PBXFileReference; lastKnownFileType = sourcecode.swift; path = tranform.swift; sourceTree = "<group>"; };
		BF5A3B3120C954EB00C10335 /* flatMap.png */ = {isa = PBXFileReference; lastKnownFileType = image.png; name = flatMap.png; path = Docs/flatMap.png; sourceTree = SOURCE_ROOT; };
		BF5A3B3520CA0DFC00C10335 /* delegate.swift */ = {isa = PBXFileReference; lastKnownFileType = sourcecode.swift; path = delegate.swift; sourceTree = "<group>"; };
		BF5A3B3720CA17CA00C10335 /* Completable.png */ = {isa = PBXFileReference; lastKnownFileType = image.png; name = Completable.png; path = Docs/Completable.png; sourceTree = SOURCE_ROOT; };
		BF5A3B3820CA17CA00C10335 /* Single.png */ = {isa = PBXFileReference; lastKnownFileType = image.png; name = Single.png; path = Docs/Single.png; sourceTree = SOURCE_ROOT; };
		BFDBC91720C110FD002ED266 /* Extension+Combine.swift */ = {isa = PBXFileReference; lastKnownFileType = sourcecode.swift; path = "Extension+Combine.swift"; sourceTree = "<group>"; };
		BFEE800420BF9B3F00F42C08 /* RxSwiftLearnig.app */ = {isa = PBXFileReference; explicitFileType = wrapper.application; includeInIndex = 0; path = RxSwiftLearnig.app; sourceTree = BUILT_PRODUCTS_DIR; };
		BFEE800720BF9B4000F42C08 /* AppDelegate.swift */ = {isa = PBXFileReference; lastKnownFileType = sourcecode.swift; path = AppDelegate.swift; sourceTree = "<group>"; };
		BFEE800920BF9B4000F42C08 /* ViewController.swift */ = {isa = PBXFileReference; lastKnownFileType = sourcecode.swift; path = ViewController.swift; sourceTree = "<group>"; };
		BFEE800B20BF9B4100F42C08 /* Assets.xcassets */ = {isa = PBXFileReference; lastKnownFileType = folder.assetcatalog; path = Assets.xcassets; sourceTree = "<group>"; };
		BFEE800E20BF9B4100F42C08 /* Base */ = {isa = PBXFileReference; lastKnownFileType = file.storyboard; name = Base; path = Base.lproj/Main.storyboard; sourceTree = "<group>"; };
		BFEE801020BF9B4100F42C08 /* Info.plist */ = {isa = PBXFileReference; lastKnownFileType = text.plist.xml; path = Info.plist; sourceTree = "<group>"; };
		BFEE801120BF9B4100F42C08 /* RxSwiftLearnig.entitlements */ = {isa = PBXFileReference; lastKnownFileType = text.plist.entitlements; path = RxSwiftLearnig.entitlements; sourceTree = "<group>"; };
		EBAB770A7EA11A4F80592D56 /* Pods-RxSwiftLearnig.release.xcconfig */ = {isa = PBXFileReference; includeInIndex = 1; lastKnownFileType = text.xcconfig; name = "Pods-RxSwiftLearnig.release.xcconfig"; path = "Pods/Target Support Files/Pods-RxSwiftLearnig/Pods-RxSwiftLearnig.release.xcconfig"; sourceTree = "<group>"; };
/* End PBXFileReference section */

/* Begin PBXFrameworksBuildPhase section */
		BFEE800120BF9B3F00F42C08 /* Frameworks */ = {
			isa = PBXFrameworksBuildPhase;
			buildActionMask = 2147483647;
			files = (
				65B312884213113DC2C559F6 /* Pods_RxSwiftLearnig.framework in Frameworks */,
			);
			runOnlyForDeploymentPostprocessing = 0;
		};
/* End PBXFrameworksBuildPhase section */

/* Begin PBXGroup section */
		A6BF2E63FA354155F7AA7ABD /* Frameworks */ = {
			isa = PBXGroup;
			children = (
				4DEC4180A6E0EC86CA5F4C12 /* Pods_RxSwiftLearnig.framework */,
			);
			name = Frameworks;
			sourceTree = "<group>";
		};
		BFEE7FFB20BF9B3F00F42C08 = {
			isa = PBXGroup;
			children = (
				BFEE800620BF9B4000F42C08 /* RxSwiftLearnig */,
				BFEE800520BF9B3F00F42C08 /* Products */,
				D93054BA2C2D18FC5884F4B6 /* Pods */,
				A6BF2E63FA354155F7AA7ABD /* Frameworks */,
			);
			sourceTree = "<group>";
		};
		BFEE800520BF9B3F00F42C08 /* Products */ = {
			isa = PBXGroup;
			children = (
				BFEE800420BF9B3F00F42C08 /* RxSwiftLearnig.app */,
			);
			name = Products;
			sourceTree = "<group>";
		};
		BFEE800620BF9B4000F42C08 /* RxSwiftLearnig */ = {
			isa = PBXGroup;
			children = (
				BF46AC8E20BF9C5800075640 /* SupportCode.swift */,
				BFEE800720BF9B4000F42C08 /* AppDelegate.swift */,
				BFEE800920BF9B4000F42C08 /* ViewController.swift */,
				BF5A3B1F20C8E9A500C10335 /* Error.swift */,
				BFEE800B20BF9B4100F42C08 /* Assets.xcassets */,
				BFEE800D20BF9B4100F42C08 /* Main.storyboard */,
				BFEE801020BF9B4100F42C08 /* Info.plist */,
				BFEE801120BF9B4100F42C08 /* RxSwiftLearnig.entitlements */,
				BF46AC9020BFB51000075640 /* RELEASE.TXT */,
				BF46AC9220BFB7E600075640 /* Extension+Observable.swift */,
				BF46AC9420BFB82E00075640 /* Extension+Subject.swift */,
				BF46AC9A20BFE96200075640 /* Extension+Filter.swift */,
				BF46AC9C20BFFE2A00075640 /* Extension+Transform.swift */,
				BFDBC91720C110FD002ED266 /* Extension+Combine.swift */,
				BF16333220C6586A00A2870E /* Extension+SHARE.swift */,
				BF5A3B2320C8F72200C10335 /* kit.swift */,
				BF5A3B2520C906CB00C10335 /* closurehell.swift */,
				BF5A3B3520CA0DFC00C10335 /* delegate.swift */,
				BF5A3B2720C914BE00C10335 /* observable.swift */,
				BF5A3B2920C91D7D00C10335 /* subject.swift */,
				BF5A3B2B20C947EE00C10335 /* filter.swift */,
				BF5A3B2F20C94D0C00C10335 /* tranform.swift */,
				BF5A3B2120C8F4C800C10335 /* concat&flatMap.swift */,
				BF5A3B1D20C8D77000C10335 /* retryWhen.swift */,
				BF5A3B2D20C94C6A00C10335 /* throttle.png */,
				BF5A3B3120C954EB00C10335 /* flatMap.png */,
				BF5A3B3720CA17CA00C10335 /* Completable.png */,
				BF5A3B3820CA17CA00C10335 /* Single.png */,
			);
			path = RxSwiftLearnig;
			sourceTree = "<group>";
		};
		D93054BA2C2D18FC5884F4B6 /* Pods */ = {
			isa = PBXGroup;
			children = (
				59E640A4187BB7CEA2A28CEF /* Pods-RxSwiftLearnig.debug.xcconfig */,
				EBAB770A7EA11A4F80592D56 /* Pods-RxSwiftLearnig.release.xcconfig */,
			);
			name = Pods;
			sourceTree = "<group>";
		};
/* End PBXGroup section */

/* Begin PBXNativeTarget section */
		BFEE800320BF9B3F00F42C08 /* RxSwiftLearnig */ = {
			isa = PBXNativeTarget;
			buildConfigurationList = BFEE801420BF9B4100F42C08 /* Build configuration list for PBXNativeTarget "RxSwiftLearnig" */;
			buildPhases = (
				2F375D16AB39950B58DBFDCD /* [CP] Check Pods Manifest.lock */,
				BFEE800020BF9B3F00F42C08 /* Sources */,
				BFEE800120BF9B3F00F42C08 /* Frameworks */,
				BFEE800220BF9B3F00F42C08 /* Resources */,
				742F720D0DD454BFF0F435C9 /* [CP] Embed Pods Frameworks */,
			);
			buildRules = (
			);
			dependencies = (
			);
			name = RxSwiftLearnig;
			productName = RxSwiftLearnig;
			productReference = BFEE800420BF9B3F00F42C08 /* RxSwiftLearnig.app */;
			productType = "com.apple.product-type.application";
		};
/* End PBXNativeTarget section */

/* Begin PBXProject section */
		BFEE7FFC20BF9B3F00F42C08 /* Project object */ = {
			isa = PBXProject;
			attributes = {
				LastSwiftUpdateCheck = 0930;
				LastUpgradeCheck = 0930;
				ORGANIZATIONNAME = Null;
				TargetAttributes = {
					BFEE800320BF9B3F00F42C08 = {
						CreatedOnToolsVersion = 9.3;
					};
				};
			};
			buildConfigurationList = BFEE7FFF20BF9B3F00F42C08 /* Build configuration list for PBXProject "RxSwiftLearnig" */;
			compatibilityVersion = "Xcode 9.3";
			developmentRegion = en;
			hasScannedForEncodings = 0;
			knownRegions = (
				en,
				Base,
			);
			mainGroup = BFEE7FFB20BF9B3F00F42C08;
			productRefGroup = BFEE800520BF9B3F00F42C08 /* Products */;
			projectDirPath = "";
			projectRoot = "";
			targets = (
				BFEE800320BF9B3F00F42C08 /* RxSwiftLearnig */,
			);
		};
/* End PBXProject section */

/* Begin PBXResourcesBuildPhase section */
		BFEE800220BF9B3F00F42C08 /* Resources */ = {
			isa = PBXResourcesBuildPhase;
			buildActionMask = 2147483647;
			files = (
				BF5A3B3920CA17CA00C10335 /* Completable.png in Resources */,
				BFEE800C20BF9B4100F42C08 /* Assets.xcassets in Resources */,
				BF5A3B2E20C94C6A00C10335 /* throttle.png in Resources */,
				BF5A3B3220C954EC00C10335 /* flatMap.png in Resources */,
				BF46AC9120BFB51000075640 /* RELEASE.TXT in Resources */,
				BFEE800F20BF9B4100F42C08 /* Main.storyboard in Resources */,
				BF5A3B3A20CA17CA00C10335 /* Single.png in Resources */,
			);
			runOnlyForDeploymentPostprocessing = 0;
		};
/* End PBXResourcesBuildPhase section */

/* Begin PBXShellScriptBuildPhase section */
		2F375D16AB39950B58DBFDCD /* [CP] Check Pods Manifest.lock */ = {
			isa = PBXShellScriptBuildPhase;
			buildActionMask = 2147483647;
			files = (
			);
			inputPaths = (
				"${PODS_PODFILE_DIR_PATH}/Podfile.lock",
				"${PODS_ROOT}/Manifest.lock",
			);
			name = "[CP] Check Pods Manifest.lock";
			outputPaths = (
				"$(DERIVED_FILE_DIR)/Pods-RxSwiftLearnig-checkManifestLockResult.txt",
			);
			runOnlyForDeploymentPostprocessing = 0;
			shellPath = /bin/sh;
			shellScript = "diff \"${PODS_PODFILE_DIR_PATH}/Podfile.lock\" \"${PODS_ROOT}/Manifest.lock\" > /dev/null\nif [ $? != 0 ] ; then\n    # print error to STDERR\n    echo \"error: The sandbox is not in sync with the Podfile.lock. Run 'pod install' or update your CocoaPods installation.\" >&2\n    exit 1\nfi\n# This output is used by Xcode 'outputs' to avoid re-running this script phase.\necho \"SUCCESS\" > \"${SCRIPT_OUTPUT_FILE_0}\"\n";
			showEnvVarsInLog = 0;
		};
		742F720D0DD454BFF0F435C9 /* [CP] Embed Pods Frameworks */ = {
			isa = PBXShellScriptBuildPhase;
			buildActionMask = 2147483647;
			files = (
			);
			inputPaths = (
				"${SRCROOT}/Pods/Target Support Files/Pods-RxSwiftLearnig/Pods-RxSwiftLearnig-frameworks.sh",
				"${BUILT_PRODUCTS_DIR}/RxCocoa/RxCocoa.framework",
				"${BUILT_PRODUCTS_DIR}/RxSwift/RxSwift.framework",
			);
			name = "[CP] Embed Pods Frameworks";
			outputPaths = (
				"${TARGET_BUILD_DIR}/${FRAMEWORKS_FOLDER_PATH}/RxCocoa.framework",
				"${TARGET_BUILD_DIR}/${FRAMEWORKS_FOLDER_PATH}/RxSwift.framework",
			);
			runOnlyForDeploymentPostprocessing = 0;
			shellPath = /bin/sh;
			shellScript = "\"${SRCROOT}/Pods/Target Support Files/Pods-RxSwiftLearnig/Pods-RxSwiftLearnig-frameworks.sh\"\n";
			showEnvVarsInLog = 0;
		};
/* End PBXShellScriptBuildPhase section */

/* Begin PBXSourcesBuildPhase section */
		BFEE800020BF9B3F00F42C08 /* Sources */ = {
			isa = PBXSourcesBuildPhase;
			buildActionMask = 2147483647;
			files = (
				BFEE800A20BF9B4000F42C08 /* ViewController.swift in Sources */,
				BF46AC9520BFB82E00075640 /* Extension+Subject.swift in Sources */,
				BFEE800820BF9B4000F42C08 /* AppDelegate.swift in Sources */,
				BF5A3B2020C8E9A500C10335 /* Error.swift in Sources */,
				BF46AC9D20BFFE2A00075640 /* Extension+Transform.swift in Sources */,
				BF5A3B2220C8F4C800C10335 /* concat&flatMap.swift in Sources */,
				BF46AC9B20BFE96200075640 /* Extension+Filter.swift in Sources */,
				BF16333320C6586A00A2870E /* Extension+SHARE.swift in Sources */,
				BF5A3B2A20C91D7D00C10335 /* subject.swift in Sources */,
				BF5A3B2620C906CB00C10335 /* closurehell.swift in Sources */,
				BF46AC8F20BF9C5800075640 /* SupportCode.swift in Sources */,
				BF46AC9320BFB7E600075640 /* Extension+Observable.swift in Sources */,
				BF5A3B2820C914BE00C10335 /* observable.swift in Sources */,
				BF5A3B2420C8F72200C10335 /* kit.swift in Sources */,
				BF5A3B2C20C947EE00C10335 /* filter.swift in Sources */,
				BF5A3B3620CA0DFC00C10335 /* delegate.swift in Sources */,
				BF5A3B1E20C8D77000C10335 /* retryWhen.swift in Sources */,
				BF5A3B3020C94D0C00C10335 /* tranform.swift in Sources */,
				BFDBC91820C110FD002ED266 /* Extension+Combine.swift in Sources */,
			);
			runOnlyForDeploymentPostprocessing = 0;
		};
/* End PBXSourcesBuildPhase section */

/* Begin PBXVariantGroup section */
		BFEE800D20BF9B4100F42C08 /* Main.storyboard */ = {
			isa = PBXVariantGroup;
			children = (
				BFEE800E20BF9B4100F42C08 /* Base */,
			);
			name = Main.storyboard;
			sourceTree = "<group>";
		};
/* End PBXVariantGroup section */

/* Begin XCBuildConfiguration section */
		BFEE801220BF9B4100F42C08 /* Debug */ = {
			isa = XCBuildConfiguration;
			buildSettings = {
				ALWAYS_SEARCH_USER_PATHS = NO;
				CLANG_ANALYZER_NONNULL = YES;
				CLANG_ANALYZER_NUMBER_OBJECT_CONVERSION = YES_AGGRESSIVE;
				CLANG_CXX_LANGUAGE_STANDARD = "gnu++14";
				CLANG_CXX_LIBRARY = "libc++";
				CLANG_ENABLE_MODULES = YES;
				CLANG_ENABLE_OBJC_ARC = YES;
				CLANG_ENABLE_OBJC_WEAK = YES;
				CLANG_WARN_BLOCK_CAPTURE_AUTORELEASING = YES;
				CLANG_WARN_BOOL_CONVERSION = YES;
				CLANG_WARN_COMMA = YES;
				CLANG_WARN_CONSTANT_CONVERSION = YES;
				CLANG_WARN_DEPRECATED_OBJC_IMPLEMENTATIONS = YES;
				CLANG_WARN_DIRECT_OBJC_ISA_USAGE = YES_ERROR;
				CLANG_WARN_DOCUMENTATION_COMMENTS = YES;
				CLANG_WARN_EMPTY_BODY = YES;
				CLANG_WARN_ENUM_CONVERSION = YES;
				CLANG_WARN_INFINITE_RECURSION = YES;
				CLANG_WARN_INT_CONVERSION = YES;
				CLANG_WARN_NON_LITERAL_NULL_CONVERSION = YES;
				CLANG_WARN_OBJC_IMPLICIT_RETAIN_SELF = YES;
				CLANG_WARN_OBJC_LITERAL_CONVERSION = YES;
				CLANG_WARN_OBJC_ROOT_CLASS = YES_ERROR;
				CLANG_WARN_RANGE_LOOP_ANALYSIS = YES;
				CLANG_WARN_STRICT_PROTOTYPES = YES;
				CLANG_WARN_SUSPICIOUS_MOVE = YES;
				CLANG_WARN_UNGUARDED_AVAILABILITY = YES_AGGRESSIVE;
				CLANG_WARN_UNREACHABLE_CODE = YES;
				CLANG_WARN__DUPLICATE_METHOD_MATCH = YES;
				CODE_SIGN_IDENTITY = "-";
				COPY_PHASE_STRIP = NO;
				DEBUG_INFORMATION_FORMAT = dwarf;
				ENABLE_STRICT_OBJC_MSGSEND = YES;
				ENABLE_TESTABILITY = YES;
				GCC_C_LANGUAGE_STANDARD = gnu11;
				GCC_DYNAMIC_NO_PIC = NO;
				GCC_NO_COMMON_BLOCKS = YES;
				GCC_OPTIMIZATION_LEVEL = 0;
				GCC_PREPROCESSOR_DEFINITIONS = (
					"DEBUG=1",
					"$(inherited)",
				);
				GCC_WARN_64_TO_32_BIT_CONVERSION = YES;
				GCC_WARN_ABOUT_RETURN_TYPE = YES_ERROR;
				GCC_WARN_UNDECLARED_SELECTOR = YES;
				GCC_WARN_UNINITIALIZED_AUTOS = YES_AGGRESSIVE;
				GCC_WARN_UNUSED_FUNCTION = YES;
				GCC_WARN_UNUSED_VARIABLE = YES;
				MACOSX_DEPLOYMENT_TARGET = 10.13;
				MTL_ENABLE_DEBUG_INFO = YES;
				ONLY_ACTIVE_ARCH = YES;
				SDKROOT = macosx;
				SWIFT_ACTIVE_COMPILATION_CONDITIONS = DEBUG;
				SWIFT_OPTIMIZATION_LEVEL = "-Onone";
			};
			name = Debug;
		};
		BFEE801320BF9B4100F42C08 /* Release */ = {
			isa = XCBuildConfiguration;
			buildSettings = {
				ALWAYS_SEARCH_USER_PATHS = NO;
				CLANG_ANALYZER_NONNULL = YES;
				CLANG_ANALYZER_NUMBER_OBJECT_CONVERSION = YES_AGGRESSIVE;
				CLANG_CXX_LANGUAGE_STANDARD = "gnu++14";
				CLANG_CXX_LIBRARY = "libc++";
				CLANG_ENABLE_MODULES = YES;
				CLANG_ENABLE_OBJC_ARC = YES;
				CLANG_ENABLE_OBJC_WEAK = YES;
				CLANG_WARN_BLOCK_CAPTURE_AUTORELEASING = YES;
				CLANG_WARN_BOOL_CONVERSION = YES;
				CLANG_WARN_COMMA = YES;
				CLANG_WARN_CONSTANT_CONVERSION = YES;
				CLANG_WARN_DEPRECATED_OBJC_IMPLEMENTATIONS = YES;
				CLANG_WARN_DIRECT_OBJC_ISA_USAGE = YES_ERROR;
				CLANG_WARN_DOCUMENTATION_COMMENTS = YES;
				CLANG_WARN_EMPTY_BODY = YES;
				CLANG_WARN_ENUM_CONVERSION = YES;
				CLANG_WARN_INFINITE_RECURSION = YES;
				CLANG_WARN_INT_CONVERSION = YES;
				CLANG_WARN_NON_LITERAL_NULL_CONVERSION = YES;
				CLANG_WARN_OBJC_IMPLICIT_RETAIN_SELF = YES;
				CLANG_WARN_OBJC_LITERAL_CONVERSION = YES;
				CLANG_WARN_OBJC_ROOT_CLASS = YES_ERROR;
				CLANG_WARN_RANGE_LOOP_ANALYSIS = YES;
				CLANG_WARN_STRICT_PROTOTYPES = YES;
				CLANG_WARN_SUSPICIOUS_MOVE = YES;
				CLANG_WARN_UNGUARDED_AVAILABILITY = YES_AGGRESSIVE;
				CLANG_WARN_UNREACHABLE_CODE = YES;
				CLANG_WARN__DUPLICATE_METHOD_MATCH = YES;
				CODE_SIGN_IDENTITY = "-";
				COPY_PHASE_STRIP = NO;
				DEBUG_INFORMATION_FORMAT = "dwarf-with-dsym";
				ENABLE_NS_ASSERTIONS = NO;
				ENABLE_STRICT_OBJC_MSGSEND = YES;
				GCC_C_LANGUAGE_STANDARD = gnu11;
				GCC_NO_COMMON_BLOCKS = YES;
				GCC_WARN_64_TO_32_BIT_CONVERSION = YES;
				GCC_WARN_ABOUT_RETURN_TYPE = YES_ERROR;
				GCC_WARN_UNDECLARED_SELECTOR = YES;
				GCC_WARN_UNINITIALIZED_AUTOS = YES_AGGRESSIVE;
				GCC_WARN_UNUSED_FUNCTION = YES;
				GCC_WARN_UNUSED_VARIABLE = YES;
				MACOSX_DEPLOYMENT_TARGET = 10.13;
				MTL_ENABLE_DEBUG_INFO = NO;
				SDKROOT = macosx;
				SWIFT_COMPILATION_MODE = wholemodule;
				SWIFT_OPTIMIZATION_LEVEL = "-O";
			};
			name = Release;
		};
		BFEE801520BF9B4100F42C08 /* Debug */ = {
			isa = XCBuildConfiguration;
			baseConfigurationReference = 59E640A4187BB7CEA2A28CEF /* Pods-RxSwiftLearnig.debug.xcconfig */;
			buildSettings = {
				ASSETCATALOG_COMPILER_APPICON_NAME = AppIcon;
				CODE_SIGN_ENTITLEMENTS = RxSwiftLearnig/RxSwiftLearnig.entitlements;
				CODE_SIGN_STYLE = Automatic;
				COMBINE_HIDPI_IMAGES = YES;
				INFOPLIST_FILE = RxSwiftLearnig/Info.plist;
				LD_RUNPATH_SEARCH_PATHS = (
					"$(inherited)",
					"@executable_path/../Frameworks",
				);
				PRODUCT_BUNDLE_IDENTIFIER = Null.RxSwiftLearnig;
				PRODUCT_NAME = "$(TARGET_NAME)";
				SWIFT_VERSION = 4.0;
			};
			name = Debug;
		};
		BFEE801620BF9B4100F42C08 /* Release */ = {
			isa = XCBuildConfiguration;
			baseConfigurationReference = EBAB770A7EA11A4F80592D56 /* Pods-RxSwiftLearnig.release.xcconfig */;
			buildSettings = {
				ASSETCATALOG_COMPILER_APPICON_NAME = AppIcon;
				CODE_SIGN_ENTITLEMENTS = RxSwiftLearnig/RxSwiftLearnig.entitlements;
				CODE_SIGN_STYLE = Automatic;
				COMBINE_HIDPI_IMAGES = YES;
				INFOPLIST_FILE = RxSwiftLearnig/Info.plist;
				LD_RUNPATH_SEARCH_PATHS = (
					"$(inherited)",
					"@executable_path/../Frameworks",
				);
				PRODUCT_BUNDLE_IDENTIFIER = Null.RxSwiftLearnig;
				PRODUCT_NAME = "$(TARGET_NAME)";
				SWIFT_VERSION = 4.0;
			};
			name = Release;
		};
/* End XCBuildConfiguration section */

/* Begin XCConfigurationList section */
		BFEE7FFF20BF9B3F00F42C08 /* Build configuration list for PBXProject "RxSwiftLearnig" */ = {
			isa = XCConfigurationList;
			buildConfigurations = (
				BFEE801220BF9B4100F42C08 /* Debug */,
				BFEE801320BF9B4100F42C08 /* Release */,
			);
			defaultConfigurationIsVisible = 0;
			defaultConfigurationName = Release;
		};
		BFEE801420BF9B4100F42C08 /* Build configuration list for PBXNativeTarget "RxSwiftLearnig" */ = {
			isa = XCConfigurationList;
			buildConfigurations = (
				BFEE801520BF9B4100F42C08 /* Debug */,
				BFEE801620BF9B4100F42C08 /* Release */,
			);
			defaultConfigurationIsVisible = 0;
			defaultConfigurationName = Release;
		};
/* End XCConfigurationList section */
	};
	rootObject = BFEE7FFC20BF9B3F00F42C08 /* Project object */;
}
